
Microsoft Visual Studio Solution File, Format Version 12.00
# Visual Studio Version 16
VisualStudioVersion = 16.0.30413.136
MinimumVisualStudioVersion = 10.0.40219.1
Project("{9A19103F-16F7-4668-BE54-9A1E7A4F7556}") = "AGL.Web", "AGL.Web\AGL.Web.csproj", "{670D5A3E-89F3-4E47-AD01-8131BDD6A699}"
EndProject
Project("{FAE04EC0-301F-11D3-BF4B-00C04F79EFBC}") = "AGL.Web.Tests", "AGL.Web.Tests\AGL.Web.Tests.csproj", "{42639AA2-4820-4162-BF3D-5D0D7053C3B7}"
EndProject
Global
	GlobalSection(SolutionConfigurationPlatforms) = preSolution
		Debug|Any CPU = Debug|Any CPU
		Release|Any CPU = Release|Any CPU
	EndGlobalSection
	GlobalSection(ProjectConfigurationPlatforms) = postSolution
		{670D5A3E-89F3-4E47-AD01-8131BDD6A699}.Debug|Any CPU.ActiveCfg = Debug|Any CPU
		{670D5A3E-89F3-4E47-AD01-8131BDD6A699}.Debug|Any CPU.Build.0 = Debug|Any CPU
		{670D5A3E-89F3-4E47-AD01-8131BDD6A699}.Release|Any CPU.ActiveCfg = Release|Any CPU
		{670D5A3E-89F3-4E47-AD01-8131BDD6A699}.Release|Any CPU.Build.0 = Release|Any CPU
		{42639AA2-4820-4162-BF3D-5D0D7053C3B7}.Debug|Any CPU.ActiveCfg = Debug|Any CPU
		{42639AA2-4820-4162-BF3D-5D0D7053C3B7}.Debug|Any CPU.Build.0 = Debug|Any CPU
		{42639AA2-4820-4162-BF3D-5D0D7053C3B7}.Release|Any CPU.ActiveCfg = Release|Any CPU
		{42639AA2-4820-4162-BF3D-5D0D7053C3B7}.Release|Any CPU.Build.0 = Release|Any CPU
	EndGlobalSection
	GlobalSection(SolutionProperties) = preSolution
		HideSolutionNode = FALSE
	EndGlobalSection
	GlobalSection(ExtensibilityGlobals) = postSolution
		SolutionGuid = {7B45226C-6D59-4921-BFA7-E64BDB9C4144}
	EndGlobalSection
EndGlobal
